// !$*UTF8*$!
{
	archiveVersion = 1;
	classes = {
	};
	objectVersion = 46;
	objects = {

/* Begin PBXBuildFile section */
		40DED3B03155EA9C92C91988 /* Pods_FoodSpaceTests.framework in Frameworks */ = {isa = PBXBuildFile; fileRef = C346FD4BF5A05A0B4D1225D2 /* Pods_FoodSpaceTests.framework */; };
		4810A72DD4EC1F92917783C6 /* Pods_FoodSpace.framework in Frameworks */ = {isa = PBXBuildFile; fileRef = 42A0AC4CFE43C8E8C22AFC82 /* Pods_FoodSpace.framework */; };
		7004A0071DA973E00097A914 /* Recipe.swift in Sources */ = {isa = PBXBuildFile; fileRef = 7004A0061DA973E00097A914 /* Recipe.swift */; };
		70053AE51DCC1BBC00D01B8C /* EditRecipeController.swift in Sources */ = {isa = PBXBuildFile; fileRef = 70053AE41DCC1BBC00D01B8C /* EditRecipeController.swift */; };
		703676F01D9C8CB6006EF6DF /* RecipesController.swift in Sources */ = {isa = PBXBuildFile; fileRef = 703676EF1D9C8CB6006EF6DF /* RecipesController.swift */; };
		704E883A1D88E05E00990DFE /* AppDelegate.swift in Sources */ = {isa = PBXBuildFile; fileRef = 704E88391D88E05E00990DFE /* AppDelegate.swift */; };
		704E883C1D88E05E00990DFE /* OnboardingViewController.swift in Sources */ = {isa = PBXBuildFile; fileRef = 704E883B1D88E05E00990DFE /* OnboardingViewController.swift */; };
		704E88421D88E05E00990DFE /* FoodSpace.xcdatamodeld in Sources */ = {isa = PBXBuildFile; fileRef = 704E88401D88E05E00990DFE /* FoodSpace.xcdatamodeld */; };
		704E88441D88E05E00990DFE /* Assets.xcassets in Resources */ = {isa = PBXBuildFile; fileRef = 704E88431D88E05E00990DFE /* Assets.xcassets */; };
		704E88471D88E05E00990DFE /* LaunchScreen.storyboard in Resources */ = {isa = PBXBuildFile; fileRef = 704E88451D88E05E00990DFE /* LaunchScreen.storyboard */; };
		704E88521D88E05E00990DFE /* FoodSpaceTests.swift in Sources */ = {isa = PBXBuildFile; fileRef = 704E88511D88E05E00990DFE /* FoodSpaceTests.swift */; };
		704E885D1D88E05E00990DFE /* FoodSpaceUITests.swift in Sources */ = {isa = PBXBuildFile; fileRef = 704E885C1D88E05E00990DFE /* FoodSpaceUITests.swift */; };
		704E886C1D88E23F00990DFE /* UIViewExtension.swift in Sources */ = {isa = PBXBuildFile; fileRef = 704E886B1D88E23F00990DFE /* UIViewExtension.swift */; };
		704E886E1D88E63000990DFE /* OnboardingPageCell.swift in Sources */ = {isa = PBXBuildFile; fileRef = 704E886D1D88E63000990DFE /* OnboardingPageCell.swift */; };
		704E88711D88EA3100990DFE /* OnboardingPage.swift in Sources */ = {isa = PBXBuildFile; fileRef = 704E88701D88EA3100990DFE /* OnboardingPage.swift */; };
		704E887A1D88F96D00990DFE /* Lato-Italic.ttf in Resources */ = {isa = PBXBuildFile; fileRef = 704E88741D88F96D00990DFE /* Lato-Italic.ttf */; };
		704E887B1D88F96D00990DFE /* Lato-Light.ttf in Resources */ = {isa = PBXBuildFile; fileRef = 704E88751D88F96D00990DFE /* Lato-Light.ttf */; };
		704E887C1D88F96D00990DFE /* Lato-Hairline.ttf in Resources */ = {isa = PBXBuildFile; fileRef = 704E88761D88F96D00990DFE /* Lato-Hairline.ttf */; };
		704E887D1D88F96D00990DFE /* Lato-Bold.ttf in Resources */ = {isa = PBXBuildFile; fileRef = 704E88771D88F96D00990DFE /* Lato-Bold.ttf */; };
		704E887E1D88F96D00990DFE /* Lato-Black.ttf in Resources */ = {isa = PBXBuildFile; fileRef = 704E88781D88F96D00990DFE /* Lato-Black.ttf */; };
		704E887F1D88F96D00990DFE /* Lato-Regular.ttf in Resources */ = {isa = PBXBuildFile; fileRef = 704E88791D88F96D00990DFE /* Lato-Regular.ttf */; };
		704E88811D89038C00990DFE /* ColorPalette.swift in Sources */ = {isa = PBXBuildFile; fileRef = 704E88801D89038C00990DFE /* ColorPalette.swift */; };
		704E88871D89193300990DFE /* UIImageExtension.swift in Sources */ = {isa = PBXBuildFile; fileRef = 704E88861D89193300990DFE /* UIImageExtension.swift */; };
		7052336A1D8C8F9600481E13 /* HomeController.swift in Sources */ = {isa = PBXBuildFile; fileRef = 705233691D8C8F9600481E13 /* HomeController.swift */; };
		7052336E1D8DB9B000481E13 /* User.swift in Sources */ = {isa = PBXBuildFile; fileRef = 7052336D1D8DB9B000481E13 /* User.swift */; };
		705233701D8DC2F900481E13 /* MealPlan.swift in Sources */ = {isa = PBXBuildFile; fileRef = 7052336F1D8DC2F900481E13 /* MealPlan.swift */; };
		705233721D8DCF5100481E13 /* MealPlanCell.swift in Sources */ = {isa = PBXBuildFile; fileRef = 705233711D8DCF5100481E13 /* MealPlanCell.swift */; };
		705233741D8DD22A00481E13 /* MenuBar.swift in Sources */ = {isa = PBXBuildFile; fileRef = 705233731D8DD22A00481E13 /* MenuBar.swift */; };
		705233761D8DD9CB00481E13 /* BaseCell.swift in Sources */ = {isa = PBXBuildFile; fileRef = 705233751D8DD9CB00481E13 /* BaseCell.swift */; };
		705233781D8E402600481E13 /* UITextViewExtension.swift in Sources */ = {isa = PBXBuildFile; fileRef = 705233771D8E402600481E13 /* UITextViewExtension.swift */; };
		7063579B1DBEE5E500888625 /* BaseScrollView.swift in Sources */ = {isa = PBXBuildFile; fileRef = 7063579A1DBEE5E500888625 /* BaseScrollView.swift */; };
		708C98551DA9B24F001D4B54 /* RecipeCell.swift in Sources */ = {isa = PBXBuildFile; fileRef = 708C98541DA9B24F001D4B54 /* RecipeCell.swift */; };
		708C98581DB6DB4C001D4B54 /* RecipeController.swift in Sources */ = {isa = PBXBuildFile; fileRef = 708C98571DB6DB4C001D4B54 /* RecipeController.swift */; };
		70917CC51D8C85B600F3D9EF /* GoogleService-Info.plist in Resources */ = {isa = PBXBuildFile; fileRef = 70917CC41D8C85B600F3D9EF /* GoogleService-Info.plist */; };
		7099B35F1D8A6F7200340C1B /* UIColorExtension.swift in Sources */ = {isa = PBXBuildFile; fileRef = 7099B35E1D8A6F7200340C1B /* UIColorExtension.swift */; };
		70AD8BCE1D9DF02900DA5D7F /* NewRecipeIngredientCell.swift in Sources */ = {isa = PBXBuildFile; fileRef = 70AD8BCD1D9DF02900DA5D7F /* NewRecipeIngredientCell.swift */; };
		70AD8BD01D9DF1AB00DA5D7F /* Ingredient.swift in Sources */ = {isa = PBXBuildFile; fileRef = 70AD8BCF1D9DF1AB00DA5D7F /* Ingredient.swift */; };
		70AD8BD41D9E0C8600DA5D7F /* OLDNewRecipeController.swift in Sources */ = {isa = PBXBuildFile; fileRef = 70AD8BD31D9E0C8600DA5D7F /* OLDNewRecipeController.swift */; };
		70AD8BD61D9E0E8A00DA5D7F /* IngredientDetailController.swift in Sources */ = {isa = PBXBuildFile; fileRef = 70AD8BD51D9E0E8A00DA5D7F /* IngredientDetailController.swift */; };
		70AD8BD81D9E3AD500DA5D7F /* NewRecipeIngredientsSearchResultsController.swift in Sources */ = {isa = PBXBuildFile; fileRef = 70AD8BD71D9E3AD500DA5D7F /* NewRecipeIngredientsSearchResultsController.swift */; };
		70BBC1091DC64194007CBCD8 /* UIViewControllerExtension.swift in Sources */ = {isa = PBXBuildFile; fileRef = 70BBC1081DC64194007CBCD8 /* UIViewControllerExtension.swift */; };
		70BBC10B1DC6A345007CBCD8 /* CALayerExtension.swift in Sources */ = {isa = PBXBuildFile; fileRef = 70BBC10A1DC6A345007CBCD8 /* CALayerExtension.swift */; };
		70E6A01A1D8ED870004A390C /* SettingsController.swift in Sources */ = {isa = PBXBuildFile; fileRef = 70E6A0191D8ED870004A390C /* SettingsController.swift */; };
		70E6A01E1D9B3C0D004A390C /* BaseTextView.swift in Sources */ = {isa = PBXBuildFile; fileRef = 70E6A01D1D9B3C0D004A390C /* BaseTextView.swift */; };
		70E6A0201D9B5E73004A390C /* LoginCell.swift in Sources */ = {isa = PBXBuildFile; fileRef = 70E6A01F1D9B5E73004A390C /* LoginCell.swift */; };
		70F6CD421DA08B4E00842129 /* StringExtension.swift in Sources */ = {isa = PBXBuildFile; fileRef = 70F6CD411DA08B4E00842129 /* StringExtension.swift */; };
		70F6CD441DA1743C00842129 /* Quantities.swift in Sources */ = {isa = PBXBuildFile; fileRef = 70F6CD431DA1743C00842129 /* Quantities.swift */; };
		70F6CD461DA18B8F00842129 /* UISearchBarExtension.swift in Sources */ = {isa = PBXBuildFile; fileRef = 70F6CD451DA18B8F00842129 /* UISearchBarExtension.swift */; };
		9AE3194AC771470EF2D42DC2 /* Pods_FoodSpaceUITests.framework in Frameworks */ = {isa = PBXBuildFile; fileRef = 34258DAD35DBE74A454C0C0E /* Pods_FoodSpaceUITests.framework */; };
/* End PBXBuildFile section */

/* Begin PBXContainerItemProxy section */
		704E884E1D88E05E00990DFE /* PBXContainerItemProxy */ = {
			isa = PBXContainerItemProxy;
			containerPortal = 704E882E1D88E05E00990DFE /* Project object */;
			proxyType = 1;
			remoteGlobalIDString = 704E88351D88E05E00990DFE;
			remoteInfo = FoodSpace;
		};
		704E88591D88E05E00990DFE /* PBXContainerItemProxy */ = {
			isa = PBXContainerItemProxy;
			containerPortal = 704E882E1D88E05E00990DFE /* Project object */;
			proxyType = 1;
			remoteGlobalIDString = 704E88351D88E05E00990DFE;
			remoteInfo = FoodSpace;
		};
/* End PBXContainerItemProxy section */

/* Begin PBXFileReference section */
		116C675567CC9D4185B9D8A8 /* Pods-FoodSpaceTests.debug.xcconfig */ = {isa = PBXFileReference; includeInIndex = 1; lastKnownFileType = text.xcconfig; name = "Pods-FoodSpaceTests.debug.xcconfig"; path = "Pods/Target Support Files/Pods-FoodSpaceTests/Pods-FoodSpaceTests.debug.xcconfig"; sourceTree = "<group>"; };
		2FB9AD2CFABAA38C7A6565DD /* Pods-FoodSpace.debug.xcconfig */ = {isa = PBXFileReference; includeInIndex = 1; lastKnownFileType = text.xcconfig; name = "Pods-FoodSpace.debug.xcconfig"; path = "Pods/Target Support Files/Pods-FoodSpace/Pods-FoodSpace.debug.xcconfig"; sourceTree = "<group>"; };
		34258DAD35DBE74A454C0C0E /* Pods_FoodSpaceUITests.framework */ = {isa = PBXFileReference; explicitFileType = wrapper.framework; includeInIndex = 0; path = Pods_FoodSpaceUITests.framework; sourceTree = BUILT_PRODUCTS_DIR; };
		3A36E81B173E302358ACDA51 /* Pods-FoodSpace.release.xcconfig */ = {isa = PBXFileReference; includeInIndex = 1; lastKnownFileType = text.xcconfig; name = "Pods-FoodSpace.release.xcconfig"; path = "Pods/Target Support Files/Pods-FoodSpace/Pods-FoodSpace.release.xcconfig"; sourceTree = "<group>"; };
		42A0AC4CFE43C8E8C22AFC82 /* Pods_FoodSpace.framework */ = {isa = PBXFileReference; explicitFileType = wrapper.framework; includeInIndex = 0; path = Pods_FoodSpace.framework; sourceTree = BUILT_PRODUCTS_DIR; };
		47F41F25B3B3B83A187F3506 /* Pods-FoodSpaceUITests.release.xcconfig */ = {isa = PBXFileReference; includeInIndex = 1; lastKnownFileType = text.xcconfig; name = "Pods-FoodSpaceUITests.release.xcconfig"; path = "Pods/Target Support Files/Pods-FoodSpaceUITests/Pods-FoodSpaceUITests.release.xcconfig"; sourceTree = "<group>"; };
		7004A0061DA973E00097A914 /* Recipe.swift */ = {isa = PBXFileReference; fileEncoding = 4; lastKnownFileType = sourcecode.swift; path = Recipe.swift; sourceTree = "<group>"; };
		70053AE41DCC1BBC00D01B8C /* EditRecipeController.swift */ = {isa = PBXFileReference; fileEncoding = 4; lastKnownFileType = sourcecode.swift; path = EditRecipeController.swift; sourceTree = "<group>"; };
		703676EF1D9C8CB6006EF6DF /* RecipesController.swift */ = {isa = PBXFileReference; fileEncoding = 4; lastKnownFileType = sourcecode.swift; path = RecipesController.swift; sourceTree = "<group>"; };
		704E88361D88E05E00990DFE /* FoodSpace.app */ = {isa = PBXFileReference; explicitFileType = wrapper.application; includeInIndex = 0; path = FoodSpace.app; sourceTree = BUILT_PRODUCTS_DIR; };
		704E88391D88E05E00990DFE /* AppDelegate.swift */ = {isa = PBXFileReference; lastKnownFileType = sourcecode.swift; path = AppDelegate.swift; sourceTree = "<group>"; };
		704E883B1D88E05E00990DFE /* OnboardingViewController.swift */ = {isa = PBXFileReference; lastKnownFileType = sourcecode.swift; path = OnboardingViewController.swift; sourceTree = "<group>"; };
		704E88411D88E05E00990DFE /* FoodSpace.xcdatamodel */ = {isa = PBXFileReference; lastKnownFileType = wrapper.xcdatamodel; path = FoodSpace.xcdatamodel; sourceTree = "<group>"; };
		704E88431D88E05E00990DFE /* Assets.xcassets */ = {isa = PBXFileReference; lastKnownFileType = folder.assetcatalog; path = Assets.xcassets; sourceTree = "<group>"; };
		704E88461D88E05E00990DFE /* Base */ = {isa = PBXFileReference; lastKnownFileType = file.storyboard; name = Base; path = Base.lproj/LaunchScreen.storyboard; sourceTree = "<group>"; };
		704E88481D88E05E00990DFE /* Info.plist */ = {isa = PBXFileReference; lastKnownFileType = text.plist.xml; path = Info.plist; sourceTree = "<group>"; };
		704E884D1D88E05E00990DFE /* FoodSpaceTests.xctest */ = {isa = PBXFileReference; explicitFileType = wrapper.cfbundle; includeInIndex = 0; path = FoodSpaceTests.xctest; sourceTree = BUILT_PRODUCTS_DIR; };
		704E88511D88E05E00990DFE /* FoodSpaceTests.swift */ = {isa = PBXFileReference; lastKnownFileType = sourcecode.swift; path = FoodSpaceTests.swift; sourceTree = "<group>"; };
		704E88531D88E05E00990DFE /* Info.plist */ = {isa = PBXFileReference; lastKnownFileType = text.plist.xml; path = Info.plist; sourceTree = "<group>"; };
		704E88581D88E05E00990DFE /* FoodSpaceUITests.xctest */ = {isa = PBXFileReference; explicitFileType = wrapper.cfbundle; includeInIndex = 0; path = FoodSpaceUITests.xctest; sourceTree = BUILT_PRODUCTS_DIR; };
		704E885C1D88E05E00990DFE /* FoodSpaceUITests.swift */ = {isa = PBXFileReference; lastKnownFileType = sourcecode.swift; path = FoodSpaceUITests.swift; sourceTree = "<group>"; };
		704E885E1D88E05E00990DFE /* Info.plist */ = {isa = PBXFileReference; lastKnownFileType = text.plist.xml; path = Info.plist; sourceTree = "<group>"; };
		704E886B1D88E23F00990DFE /* UIViewExtension.swift */ = {isa = PBXFileReference; fileEncoding = 4; lastKnownFileType = sourcecode.swift; path = UIViewExtension.swift; sourceTree = "<group>"; };
		704E886D1D88E63000990DFE /* OnboardingPageCell.swift */ = {isa = PBXFileReference; fileEncoding = 4; lastKnownFileType = sourcecode.swift; path = OnboardingPageCell.swift; sourceTree = "<group>"; };
		704E88701D88EA3100990DFE /* OnboardingPage.swift */ = {isa = PBXFileReference; fileEncoding = 4; lastKnownFileType = sourcecode.swift; path = OnboardingPage.swift; sourceTree = "<group>"; };
		704E88741D88F96D00990DFE /* Lato-Italic.ttf */ = {isa = PBXFileReference; lastKnownFileType = file; path = "Lato-Italic.ttf"; sourceTree = "<group>"; };
		704E88751D88F96D00990DFE /* Lato-Light.ttf */ = {isa = PBXFileReference; lastKnownFileType = file; path = "Lato-Light.ttf"; sourceTree = "<group>"; };
		704E88761D88F96D00990DFE /* Lato-Hairline.ttf */ = {isa = PBXFileReference; lastKnownFileType = file; path = "Lato-Hairline.ttf"; sourceTree = "<group>"; };
		704E88771D88F96D00990DFE /* Lato-Bold.ttf */ = {isa = PBXFileReference; lastKnownFileType = file; path = "Lato-Bold.ttf"; sourceTree = "<group>"; };
		704E88781D88F96D00990DFE /* Lato-Black.ttf */ = {isa = PBXFileReference; lastKnownFileType = file; path = "Lato-Black.ttf"; sourceTree = "<group>"; };
		704E88791D88F96D00990DFE /* Lato-Regular.ttf */ = {isa = PBXFileReference; lastKnownFileType = file; path = "Lato-Regular.ttf"; sourceTree = "<group>"; };
		704E88801D89038C00990DFE /* ColorPalette.swift */ = {isa = PBXFileReference; fileEncoding = 4; lastKnownFileType = sourcecode.swift; path = ColorPalette.swift; sourceTree = "<group>"; };
		704E88861D89193300990DFE /* UIImageExtension.swift */ = {isa = PBXFileReference; fileEncoding = 4; lastKnownFileType = sourcecode.swift; path = UIImageExtension.swift; sourceTree = "<group>"; };
		705233691D8C8F9600481E13 /* HomeController.swift */ = {isa = PBXFileReference; fileEncoding = 4; lastKnownFileType = sourcecode.swift; path = HomeController.swift; sourceTree = "<group>"; };
		7052336D1D8DB9B000481E13 /* User.swift */ = {isa = PBXFileReference; fileEncoding = 4; lastKnownFileType = sourcecode.swift; path = User.swift; sourceTree = "<group>"; };
		7052336F1D8DC2F900481E13 /* MealPlan.swift */ = {isa = PBXFileReference; fileEncoding = 4; lastKnownFileType = sourcecode.swift; path = MealPlan.swift; sourceTree = "<group>"; };
		705233711D8DCF5100481E13 /* MealPlanCell.swift */ = {isa = PBXFileReference; fileEncoding = 4; lastKnownFileType = sourcecode.swift; path = MealPlanCell.swift; sourceTree = "<group>"; };
		705233731D8DD22A00481E13 /* MenuBar.swift */ = {isa = PBXFileReference; fileEncoding = 4; lastKnownFileType = sourcecode.swift; path = MenuBar.swift; sourceTree = "<group>"; };
		705233751D8DD9CB00481E13 /* BaseCell.swift */ = {isa = PBXFileReference; fileEncoding = 4; lastKnownFileType = sourcecode.swift; path = BaseCell.swift; sourceTree = "<group>"; };
		705233771D8E402600481E13 /* UITextViewExtension.swift */ = {isa = PBXFileReference; fileEncoding = 4; lastKnownFileType = sourcecode.swift; path = UITextViewExtension.swift; sourceTree = "<group>"; };
		7063579A1DBEE5E500888625 /* BaseScrollView.swift */ = {isa = PBXFileReference; fileEncoding = 4; lastKnownFileType = sourcecode.swift; path = BaseScrollView.swift; sourceTree = "<group>"; };
		708C98541DA9B24F001D4B54 /* RecipeCell.swift */ = {isa = PBXFileReference; fileEncoding = 4; lastKnownFileType = sourcecode.swift; path = RecipeCell.swift; sourceTree = "<group>"; };
		708C98571DB6DB4C001D4B54 /* RecipeController.swift */ = {isa = PBXFileReference; fileEncoding = 4; lastKnownFileType = sourcecode.swift; path = RecipeController.swift; sourceTree = "<group>"; };
		70917CC41D8C85B600F3D9EF /* GoogleService-Info.plist */ = {isa = PBXFileReference; fileEncoding = 4; lastKnownFileType = text.plist.xml; path = "GoogleService-Info.plist"; sourceTree = "<group>"; };
		7099B35E1D8A6F7200340C1B /* UIColorExtension.swift */ = {isa = PBXFileReference; fileEncoding = 4; lastKnownFileType = sourcecode.swift; path = UIColorExtension.swift; sourceTree = "<group>"; };
		70AD8BCD1D9DF02900DA5D7F /* NewRecipeIngredientCell.swift */ = {isa = PBXFileReference; fileEncoding = 4; lastKnownFileType = sourcecode.swift; path = NewRecipeIngredientCell.swift; sourceTree = "<group>"; };
		70AD8BCF1D9DF1AB00DA5D7F /* Ingredient.swift */ = {isa = PBXFileReference; fileEncoding = 4; lastKnownFileType = sourcecode.swift; path = Ingredient.swift; sourceTree = "<group>"; };
		70AD8BD31D9E0C8600DA5D7F /* OLDNewRecipeController.swift */ = {isa = PBXFileReference; fileEncoding = 4; lastKnownFileType = sourcecode.swift; path = OLDNewRecipeController.swift; sourceTree = "<group>"; };
		70AD8BD51D9E0E8A00DA5D7F /* IngredientDetailController.swift */ = {isa = PBXFileReference; fileEncoding = 4; lastKnownFileType = sourcecode.swift; path = IngredientDetailController.swift; sourceTree = "<group>"; };
		70AD8BD71D9E3AD500DA5D7F /* NewRecipeIngredientsSearchResultsController.swift */ = {isa = PBXFileReference; fileEncoding = 4; lastKnownFileType = sourcecode.swift; path = NewRecipeIngredientsSearchResultsController.swift; sourceTree = "<group>"; };
		70BBC1081DC64194007CBCD8 /* UIViewControllerExtension.swift */ = {isa = PBXFileReference; fileEncoding = 4; lastKnownFileType = sourcecode.swift; path = UIViewControllerExtension.swift; sourceTree = "<group>"; };
		70BBC10A1DC6A345007CBCD8 /* CALayerExtension.swift */ = {isa = PBXFileReference; fileEncoding = 4; lastKnownFileType = sourcecode.swift; path = CALayerExtension.swift; sourceTree = "<group>"; };
		70E6A0191D8ED870004A390C /* SettingsController.swift */ = {isa = PBXFileReference; fileEncoding = 4; lastKnownFileType = sourcecode.swift; path = SettingsController.swift; sourceTree = "<group>"; };
		70E6A01D1D9B3C0D004A390C /* BaseTextView.swift */ = {isa = PBXFileReference; fileEncoding = 4; lastKnownFileType = sourcecode.swift; path = BaseTextView.swift; sourceTree = "<group>"; };
		70E6A01F1D9B5E73004A390C /* LoginCell.swift */ = {isa = PBXFileReference; fileEncoding = 4; lastKnownFileType = sourcecode.swift; path = LoginCell.swift; sourceTree = "<group>"; };
		70F6CD411DA08B4E00842129 /* StringExtension.swift */ = {isa = PBXFileReference; fileEncoding = 4; lastKnownFileType = sourcecode.swift; path = StringExtension.swift; sourceTree = "<group>"; };
		70F6CD431DA1743C00842129 /* Quantities.swift */ = {isa = PBXFileReference; fileEncoding = 4; lastKnownFileType = sourcecode.swift; path = Quantities.swift; sourceTree = "<group>"; };
		70F6CD451DA18B8F00842129 /* UISearchBarExtension.swift */ = {isa = PBXFileReference; fileEncoding = 4; lastKnownFileType = sourcecode.swift; path = UISearchBarExtension.swift; sourceTree = "<group>"; };
		B2948A9D5A4BE8CF0B5761CC /* Pods-FoodSpaceTests.release.xcconfig */ = {isa = PBXFileReference; includeInIndex = 1; lastKnownFileType = text.xcconfig; name = "Pods-FoodSpaceTests.release.xcconfig"; path = "Pods/Target Support Files/Pods-FoodSpaceTests/Pods-FoodSpaceTests.release.xcconfig"; sourceTree = "<group>"; };
		C346FD4BF5A05A0B4D1225D2 /* Pods_FoodSpaceTests.framework */ = {isa = PBXFileReference; explicitFileType = wrapper.framework; includeInIndex = 0; path = Pods_FoodSpaceTests.framework; sourceTree = BUILT_PRODUCTS_DIR; };
		DBCC67CA48B775DE15387155 /* Pods-FoodSpaceUITests.debug.xcconfig */ = {isa = PBXFileReference; includeInIndex = 1; lastKnownFileType = text.xcconfig; name = "Pods-FoodSpaceUITests.debug.xcconfig"; path = "Pods/Target Support Files/Pods-FoodSpaceUITests/Pods-FoodSpaceUITests.debug.xcconfig"; sourceTree = "<group>"; };
/* End PBXFileReference section */

/* Begin PBXFrameworksBuildPhase section */
		704E88331D88E05E00990DFE /* Frameworks */ = {
			isa = PBXFrameworksBuildPhase;
			buildActionMask = 2147483647;
			files = (
				4810A72DD4EC1F92917783C6 /* Pods_FoodSpace.framework in Frameworks */,
			);
			runOnlyForDeploymentPostprocessing = 0;
		};
		704E884A1D88E05E00990DFE /* Frameworks */ = {
			isa = PBXFrameworksBuildPhase;
			buildActionMask = 2147483647;
			files = (
				40DED3B03155EA9C92C91988 /* Pods_FoodSpaceTests.framework in Frameworks */,
			);
			runOnlyForDeploymentPostprocessing = 0;
		};
		704E88551D88E05E00990DFE /* Frameworks */ = {
			isa = PBXFrameworksBuildPhase;
			buildActionMask = 2147483647;
			files = (
				9AE3194AC771470EF2D42DC2 /* Pods_FoodSpaceUITests.framework in Frameworks */,
			);
			runOnlyForDeploymentPostprocessing = 0;
		};
/* End PBXFrameworksBuildPhase section */

/* Begin PBXGroup section */
		0DF7CF6BB3755BE96F60066A /* Pods */ = {
			isa = PBXGroup;
			children = (
				2FB9AD2CFABAA38C7A6565DD /* Pods-FoodSpace.debug.xcconfig */,
				3A36E81B173E302358ACDA51 /* Pods-FoodSpace.release.xcconfig */,
				116C675567CC9D4185B9D8A8 /* Pods-FoodSpaceTests.debug.xcconfig */,
				B2948A9D5A4BE8CF0B5761CC /* Pods-FoodSpaceTests.release.xcconfig */,
				DBCC67CA48B775DE15387155 /* Pods-FoodSpaceUITests.debug.xcconfig */,
				47F41F25B3B3B83A187F3506 /* Pods-FoodSpaceUITests.release.xcconfig */,
			);
			name = Pods;
			sourceTree = "<group>";
		};
		703676EC1D9C8B20006EF6DF /* home */ = {
			isa = PBXGroup;
			children = (
				705233691D8C8F9600481E13 /* HomeController.swift */,
				705233711D8DCF5100481E13 /* MealPlanCell.swift */,
			);
			name = home;
			sourceTree = "<group>";
		};
		703676ED1D9C8B2E006EF6DF /* settings */ = {
			isa = PBXGroup;
			children = (
				70E6A0191D8ED870004A390C /* SettingsController.swift */,
			);
			name = settings;
			sourceTree = "<group>";
		};
		703676EE1D9C8B3C006EF6DF /* recipes */ = {
			isa = PBXGroup;
			children = (
				703676EF1D9C8CB6006EF6DF /* RecipesController.swift */,
				708C98571DB6DB4C001D4B54 /* RecipeController.swift */,
				708C98541DA9B24F001D4B54 /* RecipeCell.swift */,
				70AD8BD51D9E0E8A00DA5D7F /* IngredientDetailController.swift */,
				70AD8BD91DA0459D00DA5D7F /* new recipe */,
				70053AE41DCC1BBC00D01B8C /* EditRecipeController.swift */,
			);
			name = recipes;
			sourceTree = "<group>";
		};
		704E882D1D88E05E00990DFE = {
			isa = PBXGroup;
			children = (
				704E88381D88E05E00990DFE /* FoodSpace */,
				704E88501D88E05E00990DFE /* FoodSpaceTests */,
				704E885B1D88E05E00990DFE /* FoodSpaceUITests */,
				704E88371D88E05E00990DFE /* Products */,
				0DF7CF6BB3755BE96F60066A /* Pods */,
				C033947B3DEF8E00C898F11C /* Frameworks */,
			);
			sourceTree = "<group>";
		};
		704E88371D88E05E00990DFE /* Products */ = {
			isa = PBXGroup;
			children = (
				704E88361D88E05E00990DFE /* FoodSpace.app */,
				704E884D1D88E05E00990DFE /* FoodSpaceTests.xctest */,
				704E88581D88E05E00990DFE /* FoodSpaceUITests.xctest */,
			);
			name = Products;
			sourceTree = "<group>";
		};
		704E88381D88E05E00990DFE /* FoodSpace */ = {
			isa = PBXGroup;
			children = (
				70917CC31D8C82F200F3D9EF /* fonts */,
				7099B3571D8A5EE400340C1B /* classes */,
				704E886F1D88EA2000990DFE /* model */,
				704E886A1D88E22700990DFE /* extension */,
				704E88391D88E05E00990DFE /* AppDelegate.swift */,
				7052336B1D8D94C100481E13 /* views */,
				704E88431D88E05E00990DFE /* Assets.xcassets */,
				704E88451D88E05E00990DFE /* LaunchScreen.storyboard */,
				704E88481D88E05E00990DFE /* Info.plist */,
				70917CC41D8C85B600F3D9EF /* GoogleService-Info.plist */,
				704E88401D88E05E00990DFE /* FoodSpace.xcdatamodeld */,
			);
			path = FoodSpace;
			sourceTree = "<group>";
		};
		704E88501D88E05E00990DFE /* FoodSpaceTests */ = {
			isa = PBXGroup;
			children = (
				704E88511D88E05E00990DFE /* FoodSpaceTests.swift */,
				704E88531D88E05E00990DFE /* Info.plist */,
			);
			path = FoodSpaceTests;
			sourceTree = "<group>";
		};
		704E885B1D88E05E00990DFE /* FoodSpaceUITests */ = {
			isa = PBXGroup;
			children = (
				704E885C1D88E05E00990DFE /* FoodSpaceUITests.swift */,
				704E885E1D88E05E00990DFE /* Info.plist */,
			);
			path = FoodSpaceUITests;
			sourceTree = "<group>";
		};
		704E886A1D88E22700990DFE /* extension */ = {
			isa = PBXGroup;
			children = (
				704E886B1D88E23F00990DFE /* UIViewExtension.swift */,
				705233771D8E402600481E13 /* UITextViewExtension.swift */,
				704E88801D89038C00990DFE /* ColorPalette.swift */,
				704E88861D89193300990DFE /* UIImageExtension.swift */,
				7099B35E1D8A6F7200340C1B /* UIColorExtension.swift */,
				70F6CD411DA08B4E00842129 /* StringExtension.swift */,
				70F6CD431DA1743C00842129 /* Quantities.swift */,
				70F6CD451DA18B8F00842129 /* UISearchBarExtension.swift */,
				70BBC1081DC64194007CBCD8 /* UIViewControllerExtension.swift */,
				70BBC10A1DC6A345007CBCD8 /* CALayerExtension.swift */,
			);
			name = extension;
			sourceTree = "<group>";
		};
		704E886F1D88EA2000990DFE /* model */ = {
			isa = PBXGroup;
			children = (
				704E88701D88EA3100990DFE /* OnboardingPage.swift */,
				7052336D1D8DB9B000481E13 /* User.swift */,
				7052336F1D8DC2F900481E13 /* MealPlan.swift */,
				70AD8BCF1D9DF1AB00DA5D7F /* Ingredient.swift */,
				7004A0061DA973E00097A914 /* Recipe.swift */,
			);
			name = model;
			sourceTree = "<group>";
		};
		7052336B1D8D94C100481E13 /* views */ = {
			isa = PBXGroup;
			children = (
				705233731D8DD22A00481E13 /* MenuBar.swift */,
				703676EC1D9C8B20006EF6DF /* home */,
				703676ED1D9C8B2E006EF6DF /* settings */,
				703676EE1D9C8B3C006EF6DF /* recipes */,
				7052336C1D8D94DD00481E13 /* external */,
			);
			name = views;
			sourceTree = "<group>";
		};
		7052336C1D8D94DD00481E13 /* external */ = {
			isa = PBXGroup;
			children = (
				704E883B1D88E05E00990DFE /* OnboardingViewController.swift */,
				704E886D1D88E63000990DFE /* OnboardingPageCell.swift */,
				70E6A01F1D9B5E73004A390C /* LoginCell.swift */,
			);
			name = external;
			sourceTree = "<group>";
		};
		708C98561DB6DADD001D4B54 /* old */ = {
			isa = PBXGroup;
			children = (
				70AD8BD31D9E0C8600DA5D7F /* OLDNewRecipeController.swift */,
			);
			name = old;
			sourceTree = "<group>";
		};
		70917CC31D8C82F200F3D9EF /* fonts */ = {
			isa = PBXGroup;
			children = (
				704E88741D88F96D00990DFE /* Lato-Italic.ttf */,
				704E88751D88F96D00990DFE /* Lato-Light.ttf */,
				704E88761D88F96D00990DFE /* Lato-Hairline.ttf */,
				704E88771D88F96D00990DFE /* Lato-Bold.ttf */,
				704E88781D88F96D00990DFE /* Lato-Black.ttf */,
				704E88791D88F96D00990DFE /* Lato-Regular.ttf */,
			);
			name = fonts;
			path = ..;
			sourceTree = "<group>";
		};
		7099B3571D8A5EE400340C1B /* classes */ = {
			isa = PBXGroup;
			children = (
				705233751D8DD9CB00481E13 /* BaseCell.swift */,
				70E6A01D1D9B3C0D004A390C /* BaseTextView.swift */,
				7063579A1DBEE5E500888625 /* BaseScrollView.swift */,
			);
			name = classes;
			sourceTree = "<group>";
		};
		70AD8BD91DA0459D00DA5D7F /* new recipe */ = {
			isa = PBXGroup;
			children = (
				70AD8BCD1D9DF02900DA5D7F /* NewRecipeIngredientCell.swift */,
				70AD8BD71D9E3AD500DA5D7F /* NewRecipeIngredientsSearchResultsController.swift */,
				708C98561DB6DADD001D4B54 /* old */,
			);
			name = "new recipe";
			sourceTree = "<group>";
		};
		C033947B3DEF8E00C898F11C /* Frameworks */ = {
			isa = PBXGroup;
			children = (
				42A0AC4CFE43C8E8C22AFC82 /* Pods_FoodSpace.framework */,
				C346FD4BF5A05A0B4D1225D2 /* Pods_FoodSpaceTests.framework */,
				34258DAD35DBE74A454C0C0E /* Pods_FoodSpaceUITests.framework */,
			);
			name = Frameworks;
			sourceTree = "<group>";
		};
/* End PBXGroup section */

/* Begin PBXNativeTarget section */
		704E88351D88E05E00990DFE /* FoodSpace */ = {
			isa = PBXNativeTarget;
			buildConfigurationList = 704E88611D88E05E00990DFE /* Build configuration list for PBXNativeTarget "FoodSpace" */;
			buildPhases = (
				932F3442C279942C88ABE84C /* [CP] Check Pods Manifest.lock */,
				704E88321D88E05E00990DFE /* Sources */,
				704E88331D88E05E00990DFE /* Frameworks */,
				704E88341D88E05E00990DFE /* Resources */,
				FB3E5C838C1135C8C924CD63 /* [CP] Embed Pods Frameworks */,
				4F193049D68F91D09A746714 /* [CP] Copy Pods Resources */,
			);
			buildRules = (
			);
			dependencies = (
			);
			name = FoodSpace;
			productName = FoodSpace;
			productReference = 704E88361D88E05E00990DFE /* FoodSpace.app */;
			productType = "com.apple.product-type.application";
		};
		704E884C1D88E05E00990DFE /* FoodSpaceTests */ = {
			isa = PBXNativeTarget;
			buildConfigurationList = 704E88641D88E05E00990DFE /* Build configuration list for PBXNativeTarget "FoodSpaceTests" */;
			buildPhases = (
				01CB8567635D9457DD53D1AC /* [CP] Check Pods Manifest.lock */,
				704E88491D88E05E00990DFE /* Sources */,
				704E884A1D88E05E00990DFE /* Frameworks */,
				704E884B1D88E05E00990DFE /* Resources */,
				7AB7D8926568B68AEEA4D084 /* [CP] Embed Pods Frameworks */,
				24D3971682FF1BFC816E8B8F /* [CP] Copy Pods Resources */,
			);
			buildRules = (
			);
			dependencies = (
				704E884F1D88E05E00990DFE /* PBXTargetDependency */,
			);
			name = FoodSpaceTests;
			productName = FoodSpaceTests;
			productReference = 704E884D1D88E05E00990DFE /* FoodSpaceTests.xctest */;
			productType = "com.apple.product-type.bundle.unit-test";
		};
		704E88571D88E05E00990DFE /* FoodSpaceUITests */ = {
			isa = PBXNativeTarget;
			buildConfigurationList = 704E88671D88E05E00990DFE /* Build configuration list for PBXNativeTarget "FoodSpaceUITests" */;
			buildPhases = (
				45553FB59823C88D54106E6D /* [CP] Check Pods Manifest.lock */,
				704E88541D88E05E00990DFE /* Sources */,
				704E88551D88E05E00990DFE /* Frameworks */,
				704E88561D88E05E00990DFE /* Resources */,
				5B02E06DAD99C29D8503578C /* [CP] Copy Pods Resources */,
				84A89F38B48FE6B987F5EB6A /* [CP] Embed Pods Frameworks */,
			);
			buildRules = (
			);
			dependencies = (
				704E885A1D88E05E00990DFE /* PBXTargetDependency */,
			);
			name = FoodSpaceUITests;
			productName = FoodSpaceUITests;
			productReference = 704E88581D88E05E00990DFE /* FoodSpaceUITests.xctest */;
			productType = "com.apple.product-type.bundle.ui-testing";
		};
/* End PBXNativeTarget section */

/* Begin PBXProject section */
		704E882E1D88E05E00990DFE /* Project object */ = {
			isa = PBXProject;
			attributes = {
				LastSwiftUpdateCheck = 0730;
				LastUpgradeCheck = 0810;
				ORGANIZATIONNAME = "Pan Labs";
				TargetAttributes = {
					704E88351D88E05E00990DFE = {
						CreatedOnToolsVersion = 7.3.1;
						DevelopmentTeam = 7TJGL3EQFQ;
						LastSwiftMigration = 0800;
					};
					704E884C1D88E05E00990DFE = {
						CreatedOnToolsVersion = 7.3.1;
						LastSwiftMigration = 0800;
						TestTargetID = 704E88351D88E05E00990DFE;
					};
					704E88571D88E05E00990DFE = {
						CreatedOnToolsVersion = 7.3.1;
						LastSwiftMigration = 0800;
						TestTargetID = 704E88351D88E05E00990DFE;
					};
				};
			};
			buildConfigurationList = 704E88311D88E05E00990DFE /* Build configuration list for PBXProject "FoodSpace" */;
			compatibilityVersion = "Xcode 3.2";
			developmentRegion = English;
			hasScannedForEncodings = 0;
			knownRegions = (
				en,
				Base,
			);
			mainGroup = 704E882D1D88E05E00990DFE;
			productRefGroup = 704E88371D88E05E00990DFE /* Products */;
			projectDirPath = "";
			projectRoot = "";
			targets = (
				704E88351D88E05E00990DFE /* FoodSpace */,
				704E884C1D88E05E00990DFE /* FoodSpaceTests */,
				704E88571D88E05E00990DFE /* FoodSpaceUITests */,
			);
		};
/* End PBXProject section */

/* Begin PBXResourcesBuildPhase section */
		704E88341D88E05E00990DFE /* Resources */ = {
			isa = PBXResourcesBuildPhase;
			buildActionMask = 2147483647;
			files = (
				704E887D1D88F96D00990DFE /* Lato-Bold.ttf in Resources */,
				704E887B1D88F96D00990DFE /* Lato-Light.ttf in Resources */,
				704E88471D88E05E00990DFE /* LaunchScreen.storyboard in Resources */,
				704E887C1D88F96D00990DFE /* Lato-Hairline.ttf in Resources */,
				704E887F1D88F96D00990DFE /* Lato-Regular.ttf in Resources */,
				704E887E1D88F96D00990DFE /* Lato-Black.ttf in Resources */,
				70917CC51D8C85B600F3D9EF /* GoogleService-Info.plist in Resources */,
				704E88441D88E05E00990DFE /* Assets.xcassets in Resources */,
				704E887A1D88F96D00990DFE /* Lato-Italic.ttf in Resources */,
			);
			runOnlyForDeploymentPostprocessing = 0;
		};
		704E884B1D88E05E00990DFE /* Resources */ = {
			isa = PBXResourcesBuildPhase;
			buildActionMask = 2147483647;
			files = (
			);
			runOnlyForDeploymentPostprocessing = 0;
		};
		704E88561D88E05E00990DFE /* Resources */ = {
			isa = PBXResourcesBuildPhase;
			buildActionMask = 2147483647;
			files = (
			);
			runOnlyForDeploymentPostprocessing = 0;
		};
/* End PBXResourcesBuildPhase section */

/* Begin PBXShellScriptBuildPhase section */
		01CB8567635D9457DD53D1AC /* [CP] Check Pods Manifest.lock */ = {
			isa = PBXShellScriptBuildPhase;
			buildActionMask = 2147483647;
			files = (
			);
			inputPaths = (
			);
			name = "[CP] Check Pods Manifest.lock";
			outputPaths = (
			);
			runOnlyForDeploymentPostprocessing = 0;
			shellPath = /bin/sh;
			shellScript = "diff \"${PODS_ROOT}/../Podfile.lock\" \"${PODS_ROOT}/Manifest.lock\" > /dev/null\nif [ $? != 0 ] ; then\n    # print error to STDERR\n    echo \"error: The sandbox is not in sync with the Podfile.lock. Run 'pod install' or update your CocoaPods installation.\" >&2\n    exit 1\nfi\n";
			showEnvVarsInLog = 0;
		};
		24D3971682FF1BFC816E8B8F /* [CP] Copy Pods Resources */ = {
			isa = PBXShellScriptBuildPhase;
			buildActionMask = 2147483647;
			files = (
			);
			inputPaths = (
			);
			name = "[CP] Copy Pods Resources";
			outputPaths = (
			);
			runOnlyForDeploymentPostprocessing = 0;
			shellPath = /bin/sh;
			shellScript = "\"${SRCROOT}/Pods/Target Support Files/Pods-FoodSpaceTests/Pods-FoodSpaceTests-resources.sh\"\n";
			showEnvVarsInLog = 0;
		};
		45553FB59823C88D54106E6D /* [CP] Check Pods Manifest.lock */ = {
			isa = PBXShellScriptBuildPhase;
			buildActionMask = 2147483647;
			files = (
			);
			inputPaths = (
			);
			name = "[CP] Check Pods Manifest.lock";
			outputPaths = (
			);
			runOnlyForDeploymentPostprocessing = 0;
			shellPath = /bin/sh;
			shellScript = "diff \"${PODS_ROOT}/../Podfile.lock\" \"${PODS_ROOT}/Manifest.lock\" > /dev/null\nif [ $? != 0 ] ; then\n    # print error to STDERR\n    echo \"error: The sandbox is not in sync with the Podfile.lock. Run 'pod install' or update your CocoaPods installation.\" >&2\n    exit 1\nfi\n";
			showEnvVarsInLog = 0;
		};
		4F193049D68F91D09A746714 /* [CP] Copy Pods Resources */ = {
			isa = PBXShellScriptBuildPhase;
			buildActionMask = 2147483647;
			files = (
			);
			inputPaths = (
			);
			name = "[CP] Copy Pods Resources";
			outputPaths = (
			);
			runOnlyForDeploymentPostprocessing = 0;
			shellPath = /bin/sh;
			shellScript = "\"${SRCROOT}/Pods/Target Support Files/Pods-FoodSpace/Pods-FoodSpace-resources.sh\"\n";
			showEnvVarsInLog = 0;
		};
		5B02E06DAD99C29D8503578C /* [CP] Copy Pods Resources */ = {
			isa = PBXShellScriptBuildPhase;
			buildActionMask = 2147483647;
			files = (
			);
			inputPaths = (
			);
			name = "[CP] Copy Pods Resources";
			outputPaths = (
			);
			runOnlyForDeploymentPostprocessing = 0;
			shellPath = /bin/sh;
			shellScript = "\"${SRCROOT}/Pods/Target Support Files/Pods-FoodSpaceUITests/Pods-FoodSpaceUITests-resources.sh\"\n";
			showEnvVarsInLog = 0;
		};
		7AB7D8926568B68AEEA4D084 /* [CP] Embed Pods Frameworks */ = {
			isa = PBXShellScriptBuildPhase;
			buildActionMask = 2147483647;
			files = (
			);
			inputPaths = (
			);
			name = "[CP] Embed Pods Frameworks";
			outputPaths = (
			);
			runOnlyForDeploymentPostprocessing = 0;
			shellPath = /bin/sh;
			shellScript = "\"${SRCROOT}/Pods/Target Support Files/Pods-FoodSpaceTests/Pods-FoodSpaceTests-frameworks.sh\"\n";
			showEnvVarsInLog = 0;
		};
		84A89F38B48FE6B987F5EB6A /* [CP] Embed Pods Frameworks */ = {
			isa = PBXShellScriptBuildPhase;
			buildActionMask = 2147483647;
			files = (
			);
			inputPaths = (
			);
			name = "[CP] Embed Pods Frameworks";
			outputPaths = (
			);
			runOnlyForDeploymentPostprocessing = 0;
			shellPath = /bin/sh;
			shellScript = "\"${SRCROOT}/Pods/Target Support Files/Pods-FoodSpaceUITests/Pods-FoodSpaceUITests-frameworks.sh\"\n";
			showEnvVarsInLog = 0;
		};
		932F3442C279942C88ABE84C /* [CP] Check Pods Manifest.lock */ = {
			isa = PBXShellScriptBuildPhase;
			buildActionMask = 2147483647;
			files = (
			);
			inputPaths = (
			);
			name = "[CP] Check Pods Manifest.lock";
			outputPaths = (
			);
			runOnlyForDeploymentPostprocessing = 0;
			shellPath = /bin/sh;
			shellScript = "diff \"${PODS_ROOT}/../Podfile.lock\" \"${PODS_ROOT}/Manifest.lock\" > /dev/null\nif [ $? != 0 ] ; then\n    # print error to STDERR\n    echo \"error: The sandbox is not in sync with the Podfile.lock. Run 'pod install' or update your CocoaPods installation.\" >&2\n    exit 1\nfi\n";
			showEnvVarsInLog = 0;
		};
		FB3E5C838C1135C8C924CD63 /* [CP] Embed Pods Frameworks */ = {
			isa = PBXShellScriptBuildPhase;
			buildActionMask = 2147483647;
			files = (
			);
			inputPaths = (
			);
			name = "[CP] Embed Pods Frameworks";
			outputPaths = (
			);
			runOnlyForDeploymentPostprocessing = 0;
			shellPath = /bin/sh;
			shellScript = "\"${SRCROOT}/Pods/Target Support Files/Pods-FoodSpace/Pods-FoodSpace-frameworks.sh\"\n";
			showEnvVarsInLog = 0;
		};
/* End PBXShellScriptBuildPhase section */

/* Begin PBXSourcesBuildPhase section */
		704E88321D88E05E00990DFE /* Sources */ = {
			isa = PBXSourcesBuildPhase;
			buildActionMask = 2147483647;
			files = (
				70AD8BD81D9E3AD500DA5D7F /* NewRecipeIngredientsSearchResultsController.swift in Sources */,
				7052336E1D8DB9B000481E13 /* User.swift in Sources */,
				705233741D8DD22A00481E13 /* MenuBar.swift in Sources */,
				704E88811D89038C00990DFE /* ColorPalette.swift in Sources */,
				70F6CD441DA1743C00842129 /* Quantities.swift in Sources */,
				704E883C1D88E05E00990DFE /* OnboardingViewController.swift in Sources */,
				70AD8BD01D9DF1AB00DA5D7F /* Ingredient.swift in Sources */,
				704E886E1D88E63000990DFE /* OnboardingPageCell.swift in Sources */,
				704E88421D88E05E00990DFE /* FoodSpace.xcdatamodeld in Sources */,
				704E886C1D88E23F00990DFE /* UIViewExtension.swift in Sources */,
				70AD8BD61D9E0E8A00DA5D7F /* IngredientDetailController.swift in Sources */,
				70E6A0201D9B5E73004A390C /* LoginCell.swift in Sources */,
				70AD8BD41D9E0C8600DA5D7F /* OLDNewRecipeController.swift in Sources */,
				703676F01D9C8CB6006EF6DF /* RecipesController.swift in Sources */,
				704E883A1D88E05E00990DFE /* AppDelegate.swift in Sources */,
				708C98551DA9B24F001D4B54 /* RecipeCell.swift in Sources */,
				704E88711D88EA3100990DFE /* OnboardingPage.swift in Sources */,
				705233701D8DC2F900481E13 /* MealPlan.swift in Sources */,
				705233761D8DD9CB00481E13 /* BaseCell.swift in Sources */,
				70E6A01E1D9B3C0D004A390C /* BaseTextView.swift in Sources */,
				70BBC1091DC64194007CBCD8 /* UIViewControllerExtension.swift in Sources */,
				7063579B1DBEE5E500888625 /* BaseScrollView.swift in Sources */,
				70AD8BCE1D9DF02900DA5D7F /* NewRecipeIngredientCell.swift in Sources */,
				7052336A1D8C8F9600481E13 /* HomeController.swift in Sources */,
				705233721D8DCF5100481E13 /* MealPlanCell.swift in Sources */,
				7099B35F1D8A6F7200340C1B /* UIColorExtension.swift in Sources */,
				708C98581DB6DB4C001D4B54 /* RecipeController.swift in Sources */,
				7004A0071DA973E00097A914 /* Recipe.swift in Sources */,
				70E6A01A1D8ED870004A390C /* SettingsController.swift in Sources */,
				705233781D8E402600481E13 /* UITextViewExtension.swift in Sources */,
				70F6CD421DA08B4E00842129 /* StringExtension.swift in Sources */,
				70053AE51DCC1BBC00D01B8C /* EditRecipeController.swift in Sources */,
				704E88871D89193300990DFE /* UIImageExtension.swift in Sources */,
				70F6CD461DA18B8F00842129 /* UISearchBarExtension.swift in Sources */,
				70BBC10B1DC6A345007CBCD8 /* CALayerExtension.swift in Sources */,
			);
			runOnlyForDeploymentPostprocessing = 0;
		};
		704E88491D88E05E00990DFE /* Sources */ = {
			isa = PBXSourcesBuildPhase;
			buildActionMask = 2147483647;
			files = (
				704E88521D88E05E00990DFE /* FoodSpaceTests.swift in Sources */,
			);
			runOnlyForDeploymentPostprocessing = 0;
		};
		704E88541D88E05E00990DFE /* Sources */ = {
			isa = PBXSourcesBuildPhase;
			buildActionMask = 2147483647;
			files = (
				704E885D1D88E05E00990DFE /* FoodSpaceUITests.swift in Sources */,
			);
			runOnlyForDeploymentPostprocessing = 0;
		};
/* End PBXSourcesBuildPhase section */

/* Begin PBXTargetDependency section */
		704E884F1D88E05E00990DFE /* PBXTargetDependency */ = {
			isa = PBXTargetDependency;
			target = 704E88351D88E05E00990DFE /* FoodSpace */;
			targetProxy = 704E884E1D88E05E00990DFE /* PBXContainerItemProxy */;
		};
		704E885A1D88E05E00990DFE /* PBXTargetDependency */ = {
			isa = PBXTargetDependency;
			target = 704E88351D88E05E00990DFE /* FoodSpace */;
			targetProxy = 704E88591D88E05E00990DFE /* PBXContainerItemProxy */;
		};
/* End PBXTargetDependency section */

/* Begin PBXVariantGroup section */
		704E88451D88E05E00990DFE /* LaunchScreen.storyboard */ = {
			isa = PBXVariantGroup;
			children = (
				704E88461D88E05E00990DFE /* Base */,
			);
			name = LaunchScreen.storyboard;
			sourceTree = "<group>";
		};
/* End PBXVariantGroup section */

/* Begin XCBuildConfiguration section */
		704E885F1D88E05E00990DFE /* Debug */ = {
			isa = XCBuildConfiguration;
			buildSettings = {
				ALWAYS_SEARCH_USER_PATHS = NO;
				CLANG_ANALYZER_NONNULL = YES;
				CLANG_CXX_LANGUAGE_STANDARD = "gnu++0x";
				CLANG_CXX_LIBRARY = "libc++";
				CLANG_ENABLE_MODULES = YES;
				CLANG_ENABLE_OBJC_ARC = YES;
				CLANG_WARN_BOOL_CONVERSION = YES;
				CLANG_WARN_CONSTANT_CONVERSION = YES;
				CLANG_WARN_DIRECT_OBJC_ISA_USAGE = YES_ERROR;
				CLANG_WARN_EMPTY_BODY = YES;
				CLANG_WARN_ENUM_CONVERSION = YES;
				CLANG_WARN_INFINITE_RECURSION = YES;
				CLANG_WARN_INT_CONVERSION = YES;
				CLANG_WARN_OBJC_ROOT_CLASS = YES_ERROR;
				CLANG_WARN_SUSPICIOUS_MOVE = YES;
				CLANG_WARN_UNREACHABLE_CODE = YES;
				CLANG_WARN__DUPLICATE_METHOD_MATCH = YES;
				"CODE_SIGN_IDENTITY[sdk=iphoneos*]" = "iPhone Developer";
				COPY_PHASE_STRIP = NO;
				DEBUG_INFORMATION_FORMAT = dwarf;
				ENABLE_STRICT_OBJC_MSGSEND = YES;
				ENABLE_TESTABILITY = YES;
				GCC_C_LANGUAGE_STANDARD = gnu99;
				GCC_DYNAMIC_NO_PIC = NO;
				GCC_NO_COMMON_BLOCKS = YES;
				GCC_OPTIMIZATION_LEVEL = 0;
				GCC_PREPROCESSOR_DEFINITIONS = (
					"DEBUG=1",
					"$(inherited)",
				);
				GCC_WARN_64_TO_32_BIT_CONVERSION = YES;
				GCC_WARN_ABOUT_RETURN_TYPE = YES_ERROR;
				GCC_WARN_UNDECLARED_SELECTOR = YES;
				GCC_WARN_UNINITIALIZED_AUTOS = YES_AGGRESSIVE;
				GCC_WARN_UNUSED_FUNCTION = YES;
				GCC_WARN_UNUSED_VARIABLE = YES;
				IPHONEOS_DEPLOYMENT_TARGET = 9.3;
				MTL_ENABLE_DEBUG_INFO = YES;
				ONLY_ACTIVE_ARCH = YES;
				SDKROOT = iphoneos;
				SWIFT_OPTIMIZATION_LEVEL = "-Onone";
				TARGETED_DEVICE_FAMILY = "1,2";
			};
			name = Debug;
		};
		704E88601D88E05E00990DFE /* Release */ = {
			isa = XCBuildConfiguration;
			buildSettings = {
				ALWAYS_SEARCH_USER_PATHS = NO;
				CLANG_ANALYZER_NONNULL = YES;
				CLANG_CXX_LANGUAGE_STANDARD = "gnu++0x";
				CLANG_CXX_LIBRARY = "libc++";
				CLANG_ENABLE_MODULES = YES;
				CLANG_ENABLE_OBJC_ARC = YES;
				CLANG_WARN_BOOL_CONVERSION = YES;
				CLANG_WARN_CONSTANT_CONVERSION = YES;
				CLANG_WARN_DIRECT_OBJC_ISA_USAGE = YES_ERROR;
				CLANG_WARN_EMPTY_BODY = YES;
				CLANG_WARN_ENUM_CONVERSION = YES;
				CLANG_WARN_INFINITE_RECURSION = YES;
				CLANG_WARN_INT_CONVERSION = YES;
				CLANG_WARN_OBJC_ROOT_CLASS = YES_ERROR;
				CLANG_WARN_SUSPICIOUS_MOVE = YES;
				CLANG_WARN_UNREACHABLE_CODE = YES;
				CLANG_WARN__DUPLICATE_METHOD_MATCH = YES;
				"CODE_SIGN_IDENTITY[sdk=iphoneos*]" = "iPhone Developer";
				COPY_PHASE_STRIP = NO;
				DEBUG_INFORMATION_FORMAT = "dwarf-with-dsym";
				ENABLE_NS_ASSERTIONS = NO;
				ENABLE_STRICT_OBJC_MSGSEND = YES;
				GCC_C_LANGUAGE_STANDARD = gnu99;
				GCC_NO_COMMON_BLOCKS = YES;
				GCC_WARN_64_TO_32_BIT_CONVERSION = YES;
				GCC_WARN_ABOUT_RETURN_TYPE = YES_ERROR;
				GCC_WARN_UNDECLARED_SELECTOR = YES;
				GCC_WARN_UNINITIALIZED_AUTOS = YES_AGGRESSIVE;
				GCC_WARN_UNUSED_FUNCTION = YES;
				GCC_WARN_UNUSED_VARIABLE = YES;
				IPHONEOS_DEPLOYMENT_TARGET = 9.3;
				MTL_ENABLE_DEBUG_INFO = NO;
				SDKROOT = iphoneos;
				SWIFT_OPTIMIZATION_LEVEL = "-Owholemodule";
				TARGETED_DEVICE_FAMILY = "1,2";
				VALIDATE_PRODUCT = YES;
			};
			name = Release;
		};
		704E88621D88E05E00990DFE /* Debug */ = {
			isa = XCBuildConfiguration;
			baseConfigurationReference = 2FB9AD2CFABAA38C7A6565DD /* Pods-FoodSpace.debug.xcconfig */;
			buildSettings = {
				ALWAYS_EMBED_SWIFT_STANDARD_LIBRARIES = YES;
				ASSETCATALOG_COMPILER_APPICON_NAME = AppIcon;
				DEVELOPMENT_TEAM = 7TJGL3EQFQ;
				INFOPLIST_FILE = FoodSpace/Info.plist;
				LD_RUNPATH_SEARCH_PATHS = "$(inherited) @executable_path/Frameworks";
				PRODUCT_BUNDLE_IDENTIFIER = com.PanLabs.FoodSpace;
				PRODUCT_NAME = "$(TARGET_NAME)";
				SWIFT_VERSION = 3.0;
			};
			name = Debug;
		};
		704E88631D88E05E00990DFE /* Release */ = {
			isa = XCBuildConfiguration;
			baseConfigurationReference = 3A36E81B173E302358ACDA51 /* Pods-FoodSpace.release.xcconfig */;
			buildSettings = {
				ALWAYS_EMBED_SWIFT_STANDARD_LIBRARIES = YES;
				ASSETCATALOG_COMPILER_APPICON_NAME = AppIcon;
				DEVELOPMENT_TEAM = 7TJGL3EQFQ;
				INFOPLIST_FILE = FoodSpace/Info.plist;
				LD_RUNPATH_SEARCH_PATHS = "$(inherited) @executable_path/Frameworks";
				PRODUCT_BUNDLE_IDENTIFIER = com.PanLabs.FoodSpace;
				PRODUCT_NAME = "$(TARGET_NAME)";
				SWIFT_VERSION = 3.0;
			};
			name = Release;
		};
		704E88651D88E05E00990DFE /* Debug */ = {
			isa = XCBuildConfiguration;
			baseConfigurationReference = 116C675567CC9D4185B9D8A8 /* Pods-FoodSpaceTests.debug.xcconfig */;
			buildSettings = {
				BUNDLE_LOADER = "$(TEST_HOST)";
				INFOPLIST_FILE = FoodSpaceTests/Info.plist;
				LD_RUNPATH_SEARCH_PATHS = "$(inherited) @executable_path/Frameworks @loader_path/Frameworks";
				PRODUCT_BUNDLE_IDENTIFIER = com.PanLabs.FoodSpaceTests;
				PRODUCT_NAME = "$(TARGET_NAME)";
				SWIFT_VERSION = 3.0;
				TEST_HOST = "$(BUILT_PRODUCTS_DIR)/FoodSpace.app/FoodSpace";
			};
			name = Debug;
		};
		704E88661D88E05E00990DFE /* Release */ = {
			isa = XCBuildConfiguration;
			baseConfigurationReference = B2948A9D5A4BE8CF0B5761CC /* Pods-FoodSpaceTests.release.xcconfig */;
			buildSettings = {
				BUNDLE_LOADER = "$(TEST_HOST)";
				INFOPLIST_FILE = FoodSpaceTests/Info.plist;
				LD_RUNPATH_SEARCH_PATHS = "$(inherited) @executable_path/Frameworks @loader_path/Frameworks";
				PRODUCT_BUNDLE_IDENTIFIER = com.PanLabs.FoodSpaceTests;
				PRODUCT_NAME = "$(TARGET_NAME)";
				SWIFT_VERSION = 3.0;
				TEST_HOST = "$(BUILT_PRODUCTS_DIR)/FoodSpace.app/FoodSpace";
			};
			name = Release;
		};
		704E88681D88E05E00990DFE /* Debug */ = {
			isa = XCBuildConfiguration;
			baseConfigurationReference = DBCC67CA48B775DE15387155 /* Pods-FoodSpaceUITests.debug.xcconfig */;
			buildSettings = {
				INFOPLIST_FILE = FoodSpaceUITests/Info.plist;
				LD_RUNPATH_SEARCH_PATHS = "$(inherited) @executable_path/Frameworks @loader_path/Frameworks";
				PRODUCT_BUNDLE_IDENTIFIER = com.PanLabs.FoodSpaceUITests;
				PRODUCT_NAME = "$(TARGET_NAME)";
				SWIFT_VERSION = 3.0;
				TEST_TARGET_NAME = FoodSpace;
			};
			name = Debug;
		};
		704E88691D88E05E00990DFE /* Release */ = {
			isa = XCBuildConfiguration;
			baseConfigurationReference = 47F41F25B3B3B83A187F3506 /* Pods-FoodSpaceUITests.release.xcconfig */;
			buildSettings = {
				INFOPLIST_FILE = FoodSpaceUITests/Info.plist;
				LD_RUNPATH_SEARCH_PATHS = "$(inherited) @executable_path/Frameworks @loader_path/Frameworks";
				PRODUCT_BUNDLE_IDENTIFIER = com.PanLabs.FoodSpaceUITests;
				PRODUCT_NAME = "$(TARGET_NAME)";
				SWIFT_VERSION = 3.0;
				TEST_TARGET_NAME = FoodSpace;
			};
			name = Release;
		};
/* End XCBuildConfiguration section */

/* Begin XCConfigurationList section */
		704E88311D88E05E00990DFE /* Build configuration list for PBXProject "FoodSpace" */ = {
			isa = XCConfigurationList;
			buildConfigurations = (
				704E885F1D88E05E00990DFE /* Debug */,
				704E88601D88E05E00990DFE /* Release */,
			);
			defaultConfigurationIsVisible = 0;
			defaultConfigurationName = Release;
		};
		704E88611D88E05E00990DFE /* Build configuration list for PBXNativeTarget "FoodSpace" */ = {
			isa = XCConfigurationList;
			buildConfigurations = (
				704E88621D88E05E00990DFE /* Debug */,
				704E88631D88E05E00990DFE /* Release */,
			);
			defaultConfigurationIsVisible = 0;
			defaultConfigurationName = Release;
		};
		704E88641D88E05E00990DFE /* Build configuration list for PBXNativeTarget "FoodSpaceTests" */ = {
			isa = XCConfigurationList;
			buildConfigurations = (
				704E88651D88E05E00990DFE /* Debug */,
				704E88661D88E05E00990DFE /* Release */,
			);
			defaultConfigurationIsVisible = 0;
			defaultConfigurationName = Release;
		};
		704E88671D88E05E00990DFE /* Build configuration list for PBXNativeTarget "FoodSpaceUITests" */ = {
			isa = XCConfigurationList;
			buildConfigurations = (
				704E88681D88E05E00990DFE /* Debug */,
				704E88691D88E05E00990DFE /* Release */,
			);
			defaultConfigurationIsVisible = 0;
			defaultConfigurationName = Release;
		};
/* End XCConfigurationList section */

/* Begin XCVersionGroup section */
		704E88401D88E05E00990DFE /* FoodSpace.xcdatamodeld */ = {
			isa = XCVersionGroup;
			children = (
				704E88411D88E05E00990DFE /* FoodSpace.xcdatamodel */,
			);
			currentVersion = 704E88411D88E05E00990DFE /* FoodSpace.xcdatamodel */;
			path = FoodSpace.xcdatamodeld;
			sourceTree = "<group>";
			versionGroupType = wrapper.xcdatamodel;
		};
/* End XCVersionGroup section */
	};
	rootObject = 704E882E1D88E05E00990DFE /* Project object */;
}
